
Microsoft Visual Studio Solution File, Format Version 12.00
# Visual Studio Version 16
VisualStudioVersion = 16.0.34031.81
MinimumVisualStudioVersion = 10.0.40219.1
Project("{2150E333-8FDC-42A3-9474-1A3956D46DE8}") = "Task0", "Task0", "{EBE4CEB8-08B2-44F3-BB78-6EC8A31D4A85}"
EndProject
Project("{FAE04EC0-301F-11D3-BF4B-00C04F79EFBC}") = "Tyuiu.AndreevVY.Sprint2.Task0.V21", "Tyuiu.AndreevVY.Sprint2.Task0.V21\Tyuiu.AndreevVY.Sprint2.Task0.V21.csproj", "{96B050FF-01FF-423D-B637-35E41EA46FF9}"
EndProject
Project("{FAE04EC0-301F-11D3-BF4B-00C04F79EFBC}") = "Tyuiu.AndreevVY.Sprint2.Task0.V21.Lib", "Tyuiu.AndreevVY.Sprint2.Task0.V21.Lib\Tyuiu.AndreevVY.Sprint2.Task0.V21.Lib.csproj", "{3F1E4675-0D1C-45F9-89C9-3F9D63E2678B}"
EndProject
Project("{FAE04EC0-301F-11D3-BF4B-00C04F79EFBC}") = "Tyuiu.AndreevVY.Sprint2.Task0.V21.Test", "Tyuiu.AndreevVY.Sprint2.Task0.V21.Test\Tyuiu.AndreevVY.Sprint2.Task0.V21.Test.csproj", "{37D3DED4-B7FA-47CE-A205-0D5CD1CB4593}"
EndProject
Project("{2150E333-8FDC-42A3-9474-1A3956D46DE8}") = "Task1", "Task1", "{4359EB7A-F464-4AB9-A153-8B55CCBD3FD1}"
EndProject
Project("{FAE04EC0-301F-11D3-BF4B-00C04F79EFBC}") = "Tyuiu.AndreevVY.Sprint2.Task1.V21", "Tyuiu.AndreevVY.Sprint2.Task1.V21\Tyuiu.AndreevVY.Sprint2.Task1.V21.csproj", "{EC19533D-6E27-42F4-A05B-C301682CDCB1}"
EndProject
Project("{FAE04EC0-301F-11D3-BF4B-00C04F79EFBC}") = "Tyuiu.AndreevVY.Sprint2.Task1.V21.Lib", "Tyuiu.AndreevVY.Sprint2.Task1.V21.Lib\Tyuiu.AndreevVY.Sprint2.Task1.V21.Lib.csproj", "{F985107B-F4EF-48BA-9CA3-74FE35F83A2F}"
EndProject
Project("{FAE04EC0-301F-11D3-BF4B-00C04F79EFBC}") = "Tyuiu.AndreevVY.Sprint2.Task1.V21.Test", "Tyuiu.AndreevVY.Sprint2.Task1.V21.Test\Tyuiu.AndreevVY.Sprint2.Task1.V21.Test.csproj", "{17CE3FB7-B492-44CE-A0B7-512E4313D22A}"
EndProject
Project("{2150E333-8FDC-42A3-9474-1A3956D46DE8}") = "Task2", "Task2", "{F5D0E0F8-9732-41D0-8AEE-AAED5EED126F}"
EndProject
Project("{FAE04EC0-301F-11D3-BF4B-00C04F79EFBC}") = "Tyuiu.AndreevVY.Sprint2.Task2.V12", "Tyuiu.AndreevVY.Sprint2.Task2.V12\Tyuiu.AndreevVY.Sprint2.Task2.V12.csproj", "{1ECE0849-6288-406A-BC1F-496E274F0183}"
EndProject
Project("{FAE04EC0-301F-11D3-BF4B-00C04F79EFBC}") = "Tyuiu.AndreevVY.Sprint2.Task2.V12.Lib", "Tyuiu.AndreevVY.Sprint2.Task2.V12.Lib\Tyuiu.AndreevVY.Sprint2.Task2.V12.Lib.csproj", "{B2E1DB31-E72E-4EDF-BB8B-C0A0662D7256}"
EndProject
Project("{FAE04EC0-301F-11D3-BF4B-00C04F79EFBC}") = "Tyuiu.AndreevVY.Sprint2.Task2.V12.Test", "Tyuiu.AndreevVY.Sprint2.Task2.V12.Test\Tyuiu.AndreevVY.Sprint2.Task2.V12.Test.csproj", "{3DBBA0CD-C462-452E-91B7-DC7C9F3CA879}"
EndProject
Project("{2150E333-8FDC-42A3-9474-1A3956D46DE8}") = "Task3", "Task3", "{F737B6BF-24F9-4BD1-BE78-304D2F6288F2}"
EndProject
Project("{FAE04EC0-301F-11D3-BF4B-00C04F79EFBC}") = "Tyuiu.AndreevVY.Sprint2.Task3.V25", "Tyuiu.AndreevVY.Sprint2.Task3.V25\Tyuiu.AndreevVY.Sprint2.Task3.V25.csproj", "{24870015-C5B2-4DD6-919D-D15473CAFAB2}"
EndProject
Project("{FAE04EC0-301F-11D3-BF4B-00C04F79EFBC}") = "Tyuiu.AndreevVY.Sprint2.Task3.V25.Lib", "Tyuiu.AndreevVY.Sprint2.Task3.V25.Lib\Tyuiu.AndreevVY.Sprint2.Task3.V25.Lib.csproj", "{234E834F-C97B-45D6-A74C-D9FAF6EF14A0}"
EndProject
Project("{FAE04EC0-301F-11D3-BF4B-00C04F79EFBC}") = "Tyuiu.AndreevVY.Sprint2.Task3.V25.Test", "Tyuiu.AndreevVY.Sprint2.Task3.V25.Test\Tyuiu.AndreevVY.Sprint2.Task3.V25.Test.csproj", "{96EF38CA-235F-47B1-99D3-A4579E8F07D0}"
EndProject
Global
	GlobalSection(SolutionConfigurationPlatforms) = preSolution
		Debug|Any CPU = Debug|Any CPU
		Release|Any CPU = Release|Any CPU
	EndGlobalSection
	GlobalSection(ProjectConfigurationPlatforms) = postSolution
		{96B050FF-01FF-423D-B637-35E41EA46FF9}.Debug|Any CPU.ActiveCfg = Debug|Any CPU
		{96B050FF-01FF-423D-B637-35E41EA46FF9}.Debug|Any CPU.Build.0 = Debug|Any CPU
		{96B050FF-01FF-423D-B637-35E41EA46FF9}.Release|Any CPU.ActiveCfg = Release|Any CPU
		{96B050FF-01FF-423D-B637-35E41EA46FF9}.Release|Any CPU.Build.0 = Release|Any CPU
		{3F1E4675-0D1C-45F9-89C9-3F9D63E2678B}.Debug|Any CPU.ActiveCfg = Debug|Any CPU
		{3F1E4675-0D1C-45F9-89C9-3F9D63E2678B}.Debug|Any CPU.Build.0 = Debug|Any CPU
		{3F1E4675-0D1C-45F9-89C9-3F9D63E2678B}.Release|Any CPU.ActiveCfg = Release|Any CPU
		{3F1E4675-0D1C-45F9-89C9-3F9D63E2678B}.Release|Any CPU.Build.0 = Release|Any CPU
		{37D3DED4-B7FA-47CE-A205-0D5CD1CB4593}.Debug|Any CPU.ActiveCfg = Debug|Any CPU
		{37D3DED4-B7FA-47CE-A205-0D5CD1CB4593}.Debug|Any CPU.Build.0 = Debug|Any CPU
		{37D3DED4-B7FA-47CE-A205-0D5CD1CB4593}.Release|Any CPU.ActiveCfg = Release|Any CPU
		{37D3DED4-B7FA-47CE-A205-0D5CD1CB4593}.Release|Any CPU.Build.0 = Release|Any CPU
		{EC19533D-6E27-42F4-A05B-C301682CDCB1}.Debug|Any CPU.ActiveCfg = Debug|Any CPU
		{EC19533D-6E27-42F4-A05B-C301682CDCB1}.Debug|Any CPU.Build.0 = Debug|Any CPU
		{EC19533D-6E27-42F4-A05B-C301682CDCB1}.Release|Any CPU.ActiveCfg = Release|Any CPU
		{EC19533D-6E27-42F4-A05B-C301682CDCB1}.Release|Any CPU.Build.0 = Release|Any CPU
		{F985107B-F4EF-48BA-9CA3-74FE35F83A2F}.Debug|Any CPU.ActiveCfg = Debug|Any CPU
		{F985107B-F4EF-48BA-9CA3-74FE35F83A2F}.Debug|Any CPU.Build.0 = Debug|Any CPU
		{F985107B-F4EF-48BA-9CA3-74FE35F83A2F}.Release|Any CPU.ActiveCfg = Release|Any CPU
		{F985107B-F4EF-48BA-9CA3-74FE35F83A2F}.Release|Any CPU.Build.0 = Release|Any CPU
		{17CE3FB7-B492-44CE-A0B7-512E4313D22A}.Debug|Any CPU.ActiveCfg = Debug|Any CPU
		{17CE3FB7-B492-44CE-A0B7-512E4313D22A}.Debug|Any CPU.Build.0 = Debug|Any CPU
		{17CE3FB7-B492-44CE-A0B7-512E4313D22A}.Release|Any CPU.ActiveCfg = Release|Any CPU
		{17CE3FB7-B492-44CE-A0B7-512E4313D22A}.Release|Any CPU.Build.0 = Release|Any CPU
		{1ECE0849-6288-406A-BC1F-496E274F0183}.Debug|Any CPU.ActiveCfg = Debug|Any CPU
		{1ECE0849-6288-406A-BC1F-496E274F0183}.Debug|Any CPU.Build.0 = Debug|Any CPU
		{1ECE0849-6288-406A-BC1F-496E274F0183}.Release|Any CPU.ActiveCfg = Release|Any CPU
		{1ECE0849-6288-406A-BC1F-496E274F0183}.Release|Any CPU.Build.0 = Release|Any CPU
		{B2E1DB31-E72E-4EDF-BB8B-C0A0662D7256}.Debug|Any CPU.ActiveCfg = Debug|Any CPU
		{B2E1DB31-E72E-4EDF-BB8B-C0A0662D7256}.Debug|Any CPU.Build.0 = Debug|Any CPU
		{B2E1DB31-E72E-4EDF-BB8B-C0A0662D7256}.Release|Any CPU.ActiveCfg = Release|Any CPU
		{B2E1DB31-E72E-4EDF-BB8B-C0A0662D7256}.Release|Any CPU.Build.0 = Release|Any CPU
		{3DBBA0CD-C462-452E-91B7-DC7C9F3CA879}.Debug|Any CPU.ActiveCfg = Debug|Any CPU
		{3DBBA0CD-C462-452E-91B7-DC7C9F3CA879}.Debug|Any CPU.Build.0 = Debug|Any CPU
		{3DBBA0CD-C462-452E-91B7-DC7C9F3CA879}.Release|Any CPU.ActiveCfg = Release|Any CPU
		{3DBBA0CD-C462-452E-91B7-DC7C9F3CA879}.Release|Any CPU.Build.0 = Release|Any CPU
		{24870015-C5B2-4DD6-919D-D15473CAFAB2}.Debug|Any CPU.ActiveCfg = Debug|Any CPU
		{24870015-C5B2-4DD6-919D-D15473CAFAB2}.Debug|Any CPU.Build.0 = Debug|Any CPU
		{24870015-C5B2-4DD6-919D-D15473CAFAB2}.Release|Any CPU.ActiveCfg = Release|Any CPU
		{24870015-C5B2-4DD6-919D-D15473CAFAB2}.Release|Any CPU.Build.0 = Release|Any CPU
		{234E834F-C97B-45D6-A74C-D9FAF6EF14A0}.Debug|Any CPU.ActiveCfg = Debug|Any CPU
		{234E834F-C97B-45D6-A74C-D9FAF6EF14A0}.Debug|Any CPU.Build.0 = Debug|Any CPU
		{234E834F-C97B-45D6-A74C-D9FAF6EF14A0}.Release|Any CPU.ActiveCfg = Release|Any CPU
		{234E834F-C97B-45D6-A74C-D9FAF6EF14A0}.Release|Any CPU.Build.0 = Release|Any CPU
		{96EF38CA-235F-47B1-99D3-A4579E8F07D0}.Debug|Any CPU.ActiveCfg = Debug|Any CPU
		{96EF38CA-235F-47B1-99D3-A4579E8F07D0}.Debug|Any CPU.Build.0 = Debug|Any CPU
		{96EF38CA-235F-47B1-99D3-A4579E8F07D0}.Release|Any CPU.ActiveCfg = Release|Any CPU
		{96EF38CA-235F-47B1-99D3-A4579E8F07D0}.Release|Any CPU.Build.0 = Release|Any CPU
	EndGlobalSection
	GlobalSection(SolutionProperties) = preSolution
		HideSolutionNode = FALSE
	EndGlobalSection
	GlobalSection(NestedProjects) = preSolution
		{96B050FF-01FF-423D-B637-35E41EA46FF9} = {EBE4CEB8-08B2-44F3-BB78-6EC8A31D4A85}
		{3F1E4675-0D1C-45F9-89C9-3F9D63E2678B} = {EBE4CEB8-08B2-44F3-BB78-6EC8A31D4A85}
		{37D3DED4-B7FA-47CE-A205-0D5CD1CB4593} = {EBE4CEB8-08B2-44F3-BB78-6EC8A31D4A85}
		{EC19533D-6E27-42F4-A05B-C301682CDCB1} = {4359EB7A-F464-4AB9-A153-8B55CCBD3FD1}
		{F985107B-F4EF-48BA-9CA3-74FE35F83A2F} = {4359EB7A-F464-4AB9-A153-8B55CCBD3FD1}
		{17CE3FB7-B492-44CE-A0B7-512E4313D22A} = {4359EB7A-F464-4AB9-A153-8B55CCBD3FD1}
		{1ECE0849-6288-406A-BC1F-496E274F0183} = {F5D0E0F8-9732-41D0-8AEE-AAED5EED126F}
		{B2E1DB31-E72E-4EDF-BB8B-C0A0662D7256} = {F5D0E0F8-9732-41D0-8AEE-AAED5EED126F}
		{3DBBA0CD-C462-452E-91B7-DC7C9F3CA879} = {F5D0E0F8-9732-41D0-8AEE-AAED5EED126F}
		{24870015-C5B2-4DD6-919D-D15473CAFAB2} = {F737B6BF-24F9-4BD1-BE78-304D2F6288F2}
		{234E834F-C97B-45D6-A74C-D9FAF6EF14A0} = {F737B6BF-24F9-4BD1-BE78-304D2F6288F2}
		{96EF38CA-235F-47B1-99D3-A4579E8F07D0} = {F737B6BF-24F9-4BD1-BE78-304D2F6288F2}
	EndGlobalSection
	GlobalSection(ExtensibilityGlobals) = postSolution
		SolutionGuid = {ADFB514D-2D9E-4C51-9C77-D8A32C060C4D}
	EndGlobalSection
EndGlobal
