
Microsoft Visual Studio Solution File, Format Version 12.00
# Visual Studio Version 16
VisualStudioVersion = 16.0.34031.81
MinimumVisualStudioVersion = 10.0.40219.1
Project("{2150E333-8FDC-42A3-9474-1A3956D46DE8}") = "Task0", "Task0", "{EBE4CEB8-08B2-44F3-BB78-6EC8A31D4A85}"
EndProject
Project("{FAE04EC0-301F-11D3-BF4B-00C04F79EFBC}") = "Tyuiu.AndreevVY.Sprint2.Task0.V21", "Tyuiu.AndreevVY.Sprint2.Task0.V21\Tyuiu.AndreevVY.Sprint2.Task0.V21.csproj", "{96B050FF-01FF-423D-B637-35E41EA46FF9}"
EndProject
Project("{FAE04EC0-301F-11D3-BF4B-00C04F79EFBC}") = "Tyuiu.AndreevVY.Sprint2.Task0.V21.Lib", "Tyuiu.AndreevVY.Sprint2.Task0.V21.Lib\Tyuiu.AndreevVY.Sprint2.Task0.V21.Lib.csproj", "{3F1E4675-0D1C-45F9-89C9-3F9D63E2678B}"
EndProject
Project("{FAE04EC0-301F-11D3-BF4B-00C04F79EFBC}") = "Tyuiu.AndreevVY.Sprint2.Task0.V21.Test", "Tyuiu.AndreevVY.Sprint2.Task0.V21.Test\Tyuiu.AndreevVY.Sprint2.Task0.V21.Test.csproj", "{37D3DED4-B7FA-47CE-A205-0D5CD1CB4593}"
EndProject
Global
	GlobalSection(SolutionConfigurationPlatforms) = preSolution
		Debug|Any CPU = Debug|Any CPU
		Release|Any CPU = Release|Any CPU
	EndGlobalSection
	GlobalSection(ProjectConfigurationPlatforms) = postSolution
		{96B050FF-01FF-423D-B637-35E41EA46FF9}.Debug|Any CPU.ActiveCfg = Debug|Any CPU
		{96B050FF-01FF-423D-B637-35E41EA46FF9}.Debug|Any CPU.Build.0 = Debug|Any CPU
		{96B050FF-01FF-423D-B637-35E41EA46FF9}.Release|Any CPU.ActiveCfg = Release|Any CPU
		{96B050FF-01FF-423D-B637-35E41EA46FF9}.Release|Any CPU.Build.0 = Release|Any CPU
		{3F1E4675-0D1C-45F9-89C9-3F9D63E2678B}.Debug|Any CPU.ActiveCfg = Debug|Any CPU
		{3F1E4675-0D1C-45F9-89C9-3F9D63E2678B}.Debug|Any CPU.Build.0 = Debug|Any CPU
		{3F1E4675-0D1C-45F9-89C9-3F9D63E2678B}.Release|Any CPU.ActiveCfg = Release|Any CPU
		{3F1E4675-0D1C-45F9-89C9-3F9D63E2678B}.Release|Any CPU.Build.0 = Release|Any CPU
		{37D3DED4-B7FA-47CE-A205-0D5CD1CB4593}.Debug|Any CPU.ActiveCfg = Debug|Any CPU
		{37D3DED4-B7FA-47CE-A205-0D5CD1CB4593}.Debug|Any CPU.Build.0 = Debug|Any CPU
		{37D3DED4-B7FA-47CE-A205-0D5CD1CB4593}.Release|Any CPU.ActiveCfg = Release|Any CPU
		{37D3DED4-B7FA-47CE-A205-0D5CD1CB4593}.Release|Any CPU.Build.0 = Release|Any CPU
	EndGlobalSection
	GlobalSection(SolutionProperties) = preSolution
		HideSolutionNode = FALSE
	EndGlobalSection
	GlobalSection(NestedProjects) = preSolution
		{96B050FF-01FF-423D-B637-35E41EA46FF9} = {EBE4CEB8-08B2-44F3-BB78-6EC8A31D4A85}
		{3F1E4675-0D1C-45F9-89C9-3F9D63E2678B} = {EBE4CEB8-08B2-44F3-BB78-6EC8A31D4A85}
		{37D3DED4-B7FA-47CE-A205-0D5CD1CB4593} = {EBE4CEB8-08B2-44F3-BB78-6EC8A31D4A85}
	EndGlobalSection
	GlobalSection(ExtensibilityGlobals) = postSolution
		SolutionGuid = {ADFB514D-2D9E-4C51-9C77-D8A32C060C4D}
	EndGlobalSection
EndGlobal
